
Microsoft Visual Studio Solution File, Format Version 12.00
# Visual Studio Version 16
VisualStudioVersion = 16.0.31515.178
MinimumVisualStudioVersion = 10.0.40219.1
Project("{FAE04EC0-301F-11D3-BF4B-00C04F79EFBC}") = "PlayerColorsWithWpf", "PlayerColorsWithWpf\PlayerColorsWithWpf.csproj", "{051463F4-7E5B-436E-8434-181D5579148B}"
EndProject
Global
	GlobalSection(SolutionConfigurationPlatforms) = preSolution
		Debug|Any CPU = Debug|Any CPU
		Release|Any CPU = Release|Any CPU
	EndGlobalSection
	GlobalSection(ProjectConfigurationPlatforms) = postSolution
		{051463F4-7E5B-436E-8434-181D5579148B}.Debug|Any CPU.ActiveCfg = Debug|Any CPU
		{051463F4-7E5B-436E-8434-181D5579148B}.Debug|Any CPU.Build.0 = Debug|Any CPU
		{051463F4-7E5B-436E-8434-181D5579148B}.Release|Any CPU.ActiveCfg = Release|Any CPU
		{051463F4-7E5B-436E-8434-181D5579148B}.Release|Any CPU.Build.0 = Release|Any CPU
	EndGlobalSection
	GlobalSection(SolutionProperties) = preSolution
		HideSolutionNode = FALSE
	EndGlobalSection
	GlobalSection(ExtensibilityGlobals) = postSolution
		SolutionGuid = {0A7945B7-0CCD-42F0-AB69-39DF91D4D54C}
	EndGlobalSection
EndGlobal
